
Microsoft Visual Studio Solution File, Format Version 12.00
# Visual Studio Version 17
VisualStudioVersion = 17.3.32825.248
MinimumVisualStudioVersion = 10.0.40219.1
Project("{FAE04EC0-301F-11D3-BF4B-00C04F79EFBC}") = "Lab3_abstract", "Lab3_abstract.csproj", "{42A20A3E-87A7-499C-99B3-164529C7FFC6}"
EndProject
Global
	GlobalSection(SolutionConfigurationPlatforms) = preSolution
		Debug|Any CPU = Debug|Any CPU
		Release|Any CPU = Release|Any CPU
	EndGlobalSection
	GlobalSection(ProjectConfigurationPlatforms) = postSolution
		{42A20A3E-87A7-499C-99B3-164529C7FFC6}.Debug|Any CPU.ActiveCfg = Debug|Any CPU
		{42A20A3E-87A7-499C-99B3-164529C7FFC6}.Debug|Any CPU.Build.0 = Debug|Any CPU
		{42A20A3E-87A7-499C-99B3-164529C7FFC6}.Release|Any CPU.ActiveCfg = Release|Any CPU
		{42A20A3E-87A7-499C-99B3-164529C7FFC6}.Release|Any CPU.Build.0 = Release|Any CPU
	EndGlobalSection
	GlobalSection(SolutionProperties) = preSolution
		HideSolutionNode = FALSE
	EndGlobalSection
	GlobalSection(ExtensibilityGlobals) = postSolution
		SolutionGuid = {903E9737-F6F5-436F-8DF2-23D6826F1F10}
	EndGlobalSection
EndGlobal
